// !$*UTF8*$!
{
	archiveVersion = 1;
	classes = {
	};
	objectVersion = 51;
	objects = {

/* Begin PBXBuildFile section */
		69C0069B01F0D262840009B0 /* Pods_MoviesApp.framework in Frameworks */ = {isa = PBXBuildFile; fileRef = 5C04A7F3887C79D40059DB90 /* Pods_MoviesApp.framework */; };
		FBC34CEF24A4C89400CF98DC /* MovieDetailViewController.swift in Sources */ = {isa = PBXBuildFile; fileRef = FBC34CEE24A4C89300CF98DC /* MovieDetailViewController.swift */; };
		FBC34CF324A6252E00CF98DC /* MovieStore.swift in Sources */ = {isa = PBXBuildFile; fileRef = FBC34CF224A6252E00CF98DC /* MovieStore.swift */; };
		FBF8A78D24A1FE9D002B3ABD /* AppDelegate.swift in Sources */ = {isa = PBXBuildFile; fileRef = FBF8A78C24A1FE9D002B3ABD /* AppDelegate.swift */; };
		FBF8A78F24A1FE9D002B3ABD /* SceneDelegate.swift in Sources */ = {isa = PBXBuildFile; fileRef = FBF8A78E24A1FE9D002B3ABD /* SceneDelegate.swift */; };
		FBF8A79424A1FE9D002B3ABD /* Main.storyboard in Resources */ = {isa = PBXBuildFile; fileRef = FBF8A79224A1FE9D002B3ABD /* Main.storyboard */; };
		FBF8A79624A1FEA0002B3ABD /* Assets.xcassets in Resources */ = {isa = PBXBuildFile; fileRef = FBF8A79524A1FEA0002B3ABD /* Assets.xcassets */; };
		FBF8A79924A1FEA0002B3ABD /* LaunchScreen.storyboard in Resources */ = {isa = PBXBuildFile; fileRef = FBF8A79724A1FEA0002B3ABD /* LaunchScreen.storyboard */; };
		FBF8A7A424A1FEA0002B3ABD /* MoviesAppTests.swift in Sources */ = {isa = PBXBuildFile; fileRef = FBF8A7A324A1FEA0002B3ABD /* MoviesAppTests.swift */; };
		FBF8A7B724A32CC1002B3ABD /* Movie.swift in Sources */ = {isa = PBXBuildFile; fileRef = FBF8A7B624A32CC1002B3ABD /* Movie.swift */; };
		FBF8A7BB24A32DF3002B3ABD /* MovieService.swift in Sources */ = {isa = PBXBuildFile; fileRef = FBF8A7BA24A32DF3002B3ABD /* MovieService.swift */; };
		FBF8A7BD24A35C4F002B3ABD /* CollectionViewController.swift in Sources */ = {isa = PBXBuildFile; fileRef = FBF8A7BC24A35C4F002B3ABD /* CollectionViewController.swift */; };
		FBF8A7C324A452F5002B3ABD /* MovieCell.swift in Sources */ = {isa = PBXBuildFile; fileRef = FBF8A7C224A452F4002B3ABD /* MovieCell.swift */; };
/* End PBXBuildFile section */

/* Begin PBXContainerItemProxy section */
		FBF8A7A024A1FEA0002B3ABD /* PBXContainerItemProxy */ = {
			isa = PBXContainerItemProxy;
			containerPortal = FBF8A78124A1FE9C002B3ABD /* Project object */;
			proxyType = 1;
			remoteGlobalIDString = FBF8A78824A1FE9D002B3ABD;
			remoteInfo = MoviesApp;
		};
/* End PBXContainerItemProxy section */

/* Begin PBXFileReference section */
		5C04A7F3887C79D40059DB90 /* Pods_MoviesApp.framework */ = {isa = PBXFileReference; explicitFileType = wrapper.framework; includeInIndex = 0; path = Pods_MoviesApp.framework; sourceTree = BUILT_PRODUCTS_DIR; };
		B7B185180C2E81CD6DA72B94 /* Pods-MoviesApp.debug.xcconfig */ = {isa = PBXFileReference; includeInIndex = 1; lastKnownFileType = text.xcconfig; name = "Pods-MoviesApp.debug.xcconfig"; path = "Target Support Files/Pods-MoviesApp/Pods-MoviesApp.debug.xcconfig"; sourceTree = "<group>"; };
		DECF1850EC22F53F534FCCD6 /* Pods-MoviesApp.release.xcconfig */ = {isa = PBXFileReference; includeInIndex = 1; lastKnownFileType = text.xcconfig; name = "Pods-MoviesApp.release.xcconfig"; path = "Target Support Files/Pods-MoviesApp/Pods-MoviesApp.release.xcconfig"; sourceTree = "<group>"; };
		FBC34CEE24A4C89300CF98DC /* MovieDetailViewController.swift */ = {isa = PBXFileReference; lastKnownFileType = sourcecode.swift; path = MovieDetailViewController.swift; sourceTree = "<group>"; };
		FBC34CF224A6252E00CF98DC /* MovieStore.swift */ = {isa = PBXFileReference; lastKnownFileType = sourcecode.swift; path = MovieStore.swift; sourceTree = "<group>"; };
		FBF8A78924A1FE9D002B3ABD /* MoviesApp.app */ = {isa = PBXFileReference; explicitFileType = wrapper.application; includeInIndex = 0; path = MoviesApp.app; sourceTree = BUILT_PRODUCTS_DIR; };
		FBF8A78C24A1FE9D002B3ABD /* AppDelegate.swift */ = {isa = PBXFileReference; lastKnownFileType = sourcecode.swift; path = AppDelegate.swift; sourceTree = "<group>"; };
		FBF8A78E24A1FE9D002B3ABD /* SceneDelegate.swift */ = {isa = PBXFileReference; lastKnownFileType = sourcecode.swift; path = SceneDelegate.swift; sourceTree = "<group>"; };
		FBF8A79324A1FE9D002B3ABD /* Base */ = {isa = PBXFileReference; lastKnownFileType = file.storyboard; name = Base; path = Base.lproj/Main.storyboard; sourceTree = "<group>"; };
		FBF8A79524A1FEA0002B3ABD /* Assets.xcassets */ = {isa = PBXFileReference; lastKnownFileType = folder.assetcatalog; path = Assets.xcassets; sourceTree = "<group>"; };
		FBF8A79824A1FEA0002B3ABD /* Base */ = {isa = PBXFileReference; lastKnownFileType = file.storyboard; name = Base; path = Base.lproj/LaunchScreen.storyboard; sourceTree = "<group>"; };
		FBF8A79A24A1FEA0002B3ABD /* Info.plist */ = {isa = PBXFileReference; lastKnownFileType = text.plist.xml; path = Info.plist; sourceTree = "<group>"; };
		FBF8A79F24A1FEA0002B3ABD /* MoviesAppTests.xctest */ = {isa = PBXFileReference; explicitFileType = wrapper.cfbundle; includeInIndex = 0; path = MoviesAppTests.xctest; sourceTree = BUILT_PRODUCTS_DIR; };
		FBF8A7A324A1FEA0002B3ABD /* MoviesAppTests.swift */ = {isa = PBXFileReference; lastKnownFileType = sourcecode.swift; path = MoviesAppTests.swift; sourceTree = "<group>"; };
		FBF8A7A524A1FEA0002B3ABD /* Info.plist */ = {isa = PBXFileReference; lastKnownFileType = text.plist.xml; path = Info.plist; sourceTree = "<group>"; };
		FBF8A7B624A32CC1002B3ABD /* Movie.swift */ = {isa = PBXFileReference; lastKnownFileType = sourcecode.swift; path = Movie.swift; sourceTree = "<group>"; };
		FBF8A7BA24A32DF3002B3ABD /* MovieService.swift */ = {isa = PBXFileReference; lastKnownFileType = sourcecode.swift; path = MovieService.swift; sourceTree = "<group>"; };
		FBF8A7BC24A35C4F002B3ABD /* CollectionViewController.swift */ = {isa = PBXFileReference; lastKnownFileType = sourcecode.swift; path = CollectionViewController.swift; sourceTree = "<group>"; };
		FBF8A7C224A452F4002B3ABD /* MovieCell.swift */ = {isa = PBXFileReference; lastKnownFileType = sourcecode.swift; path = MovieCell.swift; sourceTree = "<group>"; };
/* End PBXFileReference section */

/* Begin PBXFrameworksBuildPhase section */
		FBF8A78624A1FE9D002B3ABD /* Frameworks */ = {
			isa = PBXFrameworksBuildPhase;
			buildActionMask = 2147483647;
			files = (
				69C0069B01F0D262840009B0 /* Pods_MoviesApp.framework in Frameworks */,
			);
			runOnlyForDeploymentPostprocessing = 0;
		};
		FBF8A79C24A1FEA0002B3ABD /* Frameworks */ = {
			isa = PBXFrameworksBuildPhase;
			buildActionMask = 2147483647;
			files = (
			);
			runOnlyForDeploymentPostprocessing = 0;
		};
/* End PBXFrameworksBuildPhase section */

/* Begin PBXGroup section */
		091AE2804416CF9081A49F89 /* Frameworks */ = {
			isa = PBXGroup;
			children = (
				5C04A7F3887C79D40059DB90 /* Pods_MoviesApp.framework */,
			);
			name = Frameworks;
			sourceTree = "<group>";
		};
		E3BE4AC721BABFF6AAB5ACF2 /* Pods */ = {
			isa = PBXGroup;
			children = (
				B7B185180C2E81CD6DA72B94 /* Pods-MoviesApp.debug.xcconfig */,
				DECF1850EC22F53F534FCCD6 /* Pods-MoviesApp.release.xcconfig */,
			);
			path = Pods;
			sourceTree = "<group>";
		};
		FBF8A78024A1FE9C002B3ABD = {
			isa = PBXGroup;
			children = (
				FBF8A78B24A1FE9D002B3ABD /* MoviesApp */,
				FBF8A7A224A1FEA0002B3ABD /* MoviesAppTests */,
				FBF8A78A24A1FE9D002B3ABD /* Products */,
				E3BE4AC721BABFF6AAB5ACF2 /* Pods */,
				091AE2804416CF9081A49F89 /* Frameworks */,
			);
			sourceTree = "<group>";
		};
		FBF8A78A24A1FE9D002B3ABD /* Products */ = {
			isa = PBXGroup;
			children = (
				FBF8A78924A1FE9D002B3ABD /* MoviesApp.app */,
				FBF8A79F24A1FEA0002B3ABD /* MoviesAppTests.xctest */,
			);
			name = Products;
			sourceTree = "<group>";
		};
		FBF8A78B24A1FE9D002B3ABD /* MoviesApp */ = {
			isa = PBXGroup;
			children = (
				FBF8A78C24A1FE9D002B3ABD /* AppDelegate.swift */,
				FBF8A78E24A1FE9D002B3ABD /* SceneDelegate.swift */,
				FBC34CEE24A4C89300CF98DC /* MovieDetailViewController.swift */,
				FBF8A7BC24A35C4F002B3ABD /* CollectionViewController.swift */,
				FBF8A7C224A452F4002B3ABD /* MovieCell.swift */,
				FBF8A7B624A32CC1002B3ABD /* Movie.swift */,
				FBC34CF224A6252E00CF98DC /* MovieStore.swift */,
				FBF8A7BA24A32DF3002B3ABD /* MovieService.swift */,
				FBF8A79224A1FE9D002B3ABD /* Main.storyboard */,
				FBF8A79524A1FEA0002B3ABD /* Assets.xcassets */,
				FBF8A79724A1FEA0002B3ABD /* LaunchScreen.storyboard */,
				FBF8A79A24A1FEA0002B3ABD /* Info.plist */,
			);
			path = MoviesApp;
			sourceTree = "<group>";
		};
		FBF8A7A224A1FEA0002B3ABD /* MoviesAppTests */ = {
			isa = PBXGroup;
			children = (
				FBF8A7A324A1FEA0002B3ABD /* MoviesAppTests.swift */,
				FBF8A7A524A1FEA0002B3ABD /* Info.plist */,
			);
			path = MoviesAppTests;
			sourceTree = "<group>";
		};
/* End PBXGroup section */

/* Begin PBXNativeTarget section */
		FBF8A78824A1FE9D002B3ABD /* MoviesApp */ = {
			isa = PBXNativeTarget;
			buildConfigurationList = FBF8A7A824A1FEA0002B3ABD /* Build configuration list for PBXNativeTarget "MoviesApp" */;
			buildPhases = (
				C9629A307E724778F7A52032 /* [CP] Check Pods Manifest.lock */,
				FBF8A78524A1FE9D002B3ABD /* Sources */,
				FBF8A78624A1FE9D002B3ABD /* Frameworks */,
				FBF8A78724A1FE9D002B3ABD /* Resources */,
				54EEFEC530CD3FA4EAFF109D /* [CP] Embed Pods Frameworks */,
			);
			buildRules = (
			);
			dependencies = (
			);
			name = MoviesApp;
			productName = MoviesApp;
			productReference = FBF8A78924A1FE9D002B3ABD /* MoviesApp.app */;
			productType = "com.apple.product-type.application";
		};
		FBF8A79E24A1FEA0002B3ABD /* MoviesAppTests */ = {
			isa = PBXNativeTarget;
			buildConfigurationList = FBF8A7AB24A1FEA0002B3ABD /* Build configuration list for PBXNativeTarget "MoviesAppTests" */;
			buildPhases = (
				FBF8A79B24A1FEA0002B3ABD /* Sources */,
				FBF8A79C24A1FEA0002B3ABD /* Frameworks */,
				FBF8A79D24A1FEA0002B3ABD /* Resources */,
			);
			buildRules = (
			);
			dependencies = (
				FBF8A7A124A1FEA0002B3ABD /* PBXTargetDependency */,
			);
			name = MoviesAppTests;
			productName = MoviesAppTests;
			productReference = FBF8A79F24A1FEA0002B3ABD /* MoviesAppTests.xctest */;
			productType = "com.apple.product-type.bundle.unit-test";
		};
/* End PBXNativeTarget section */

/* Begin PBXProject section */
		FBF8A78124A1FE9C002B3ABD /* Project object */ = {
			isa = PBXProject;
			attributes = {
				LastSwiftUpdateCheck = 1150;
				LastUpgradeCheck = 1150;
				ORGANIZATIONNAME = Frontend;
				TargetAttributes = {
					FBF8A78824A1FE9D002B3ABD = {
						CreatedOnToolsVersion = 11.5;
					};
					FBF8A79E24A1FEA0002B3ABD = {
						CreatedOnToolsVersion = 11.5;
						TestTargetID = FBF8A78824A1FE9D002B3ABD;
					};
				};
			};
			buildConfigurationList = FBF8A78424A1FE9C002B3ABD /* Build configuration list for PBXProject "MoviesApp" */;
			compatibilityVersion = "Xcode 9.3";
			developmentRegion = en;
			hasScannedForEncodings = 0;
			knownRegions = (
				en,
				Base,
			);
			mainGroup = FBF8A78024A1FE9C002B3ABD;
			productRefGroup = FBF8A78A24A1FE9D002B3ABD /* Products */;
			projectDirPath = "";
			projectRoot = "";
			targets = (
				FBF8A78824A1FE9D002B3ABD /* MoviesApp */,
				FBF8A79E24A1FEA0002B3ABD /* MoviesAppTests */,
			);
		};
/* End PBXProject section */

/* Begin PBXResourcesBuildPhase section */
		FBF8A78724A1FE9D002B3ABD /* Resources */ = {
			isa = PBXResourcesBuildPhase;
			buildActionMask = 2147483647;
			files = (
				FBF8A79924A1FEA0002B3ABD /* LaunchScreen.storyboard in Resources */,
				FBF8A79624A1FEA0002B3ABD /* Assets.xcassets in Resources */,
				FBF8A79424A1FE9D002B3ABD /* Main.storyboard in Resources */,
			);
			runOnlyForDeploymentPostprocessing = 0;
		};
		FBF8A79D24A1FEA0002B3ABD /* Resources */ = {
			isa = PBXResourcesBuildPhase;
			buildActionMask = 2147483647;
			files = (
			);
			runOnlyForDeploymentPostprocessing = 0;
		};
/* End PBXResourcesBuildPhase section */

/* Begin PBXShellScriptBuildPhase section */
		54EEFEC530CD3FA4EAFF109D /* [CP] Embed Pods Frameworks */ = {
			isa = PBXShellScriptBuildPhase;
			buildActionMask = 2147483647;
			files = (
			);
			inputFileListPaths = (
				"${PODS_ROOT}/Target Support Files/Pods-MoviesApp/Pods-MoviesApp-frameworks-${CONFIGURATION}-input-files.xcfilelist",
			);
			name = "[CP] Embed Pods Frameworks";
			outputFileListPaths = (
				"${PODS_ROOT}/Target Support Files/Pods-MoviesApp/Pods-MoviesApp-frameworks-${CONFIGURATION}-output-files.xcfilelist",
			);
			runOnlyForDeploymentPostprocessing = 0;
			shellPath = /bin/sh;
			shellScript = "\"${PODS_ROOT}/Target Support Files/Pods-MoviesApp/Pods-MoviesApp-frameworks.sh\"\n";
			showEnvVarsInLog = 0;
		};
		C9629A307E724778F7A52032 /* [CP] Check Pods Manifest.lock */ = {
			isa = PBXShellScriptBuildPhase;
			buildActionMask = 2147483647;
			files = (
			);
			inputFileListPaths = (
			);
			inputPaths = (
				"${PODS_PODFILE_DIR_PATH}/Podfile.lock",
				"${PODS_ROOT}/Manifest.lock",
			);
			name = "[CP] Check Pods Manifest.lock";
			outputFileListPaths = (
			);
			outputPaths = (
				"$(DERIVED_FILE_DIR)/Pods-MoviesApp-checkManifestLockResult.txt",
			);
			runOnlyForDeploymentPostprocessing = 0;
			shellPath = /bin/sh;
			shellScript = "diff \"${PODS_PODFILE_DIR_PATH}/Podfile.lock\" \"${PODS_ROOT}/Manifest.lock\" > /dev/null\nif [ $? != 0 ] ; then\n    # print error to STDERR\n    echo \"error: The sandbox is not in sync with the Podfile.lock. Run 'pod install' or update your CocoaPods installation.\" >&2\n    exit 1\nfi\n# This output is used by Xcode 'outputs' to avoid re-running this script phase.\necho \"SUCCESS\" > \"${SCRIPT_OUTPUT_FILE_0}\"\n";
			showEnvVarsInLog = 0;
		};
/* End PBXShellScriptBuildPhase section */

/* Begin PBXSourcesBuildPhase section */
		FBF8A78524A1FE9D002B3ABD /* Sources */ = {
			isa = PBXSourcesBuildPhase;
			buildActionMask = 2147483647;
			files = (
				FBC34CEF24A4C89400CF98DC /* MovieDetailViewController.swift in Sources */,
				FBC34CF324A6252E00CF98DC /* MovieStore.swift in Sources */,
				FBF8A7C324A452F5002B3ABD /* MovieCell.swift in Sources */,
				FBF8A7BD24A35C4F002B3ABD /* CollectionViewController.swift in Sources */,
				FBF8A78D24A1FE9D002B3ABD /* AppDelegate.swift in Sources */,
				FBF8A78F24A1FE9D002B3ABD /* SceneDelegate.swift in Sources */,
				FBF8A7B724A32CC1002B3ABD /* Movie.swift in Sources */,
				FBF8A7BB24A32DF3002B3ABD /* MovieService.swift in Sources */,
			);
			runOnlyForDeploymentPostprocessing = 0;
		};
		FBF8A79B24A1FEA0002B3ABD /* Sources */ = {
			isa = PBXSourcesBuildPhase;
			buildActionMask = 2147483647;
			files = (
				FBF8A7A424A1FEA0002B3ABD /* MoviesAppTests.swift in Sources */,
			);
			runOnlyForDeploymentPostprocessing = 0;
		};
/* End PBXSourcesBuildPhase section */

/* Begin PBXTargetDependency section */
		FBF8A7A124A1FEA0002B3ABD /* PBXTargetDependency */ = {
			isa = PBXTargetDependency;
			target = FBF8A78824A1FE9D002B3ABD /* MoviesApp */;
			targetProxy = FBF8A7A024A1FEA0002B3ABD /* PBXContainerItemProxy */;
		};
/* End PBXTargetDependency section */

/* Begin PBXVariantGroup section */
		FBF8A79224A1FE9D002B3ABD /* Main.storyboard */ = {
			isa = PBXVariantGroup;
			children = (
				FBF8A79324A1FE9D002B3ABD /* Base */,
			);
			name = Main.storyboard;
			sourceTree = "<group>";
		};
		FBF8A79724A1FEA0002B3ABD /* LaunchScreen.storyboard */ = {
			isa = PBXVariantGroup;
			children = (
				FBF8A79824A1FEA0002B3ABD /* Base */,
			);
			name = LaunchScreen.storyboard;
			sourceTree = "<group>";
		};
/* End PBXVariantGroup section */

/* Begin XCBuildConfiguration section */
		FBF8A7A624A1FEA0002B3ABD /* Debug */ = {
			isa = XCBuildConfiguration;
			buildSettings = {
				ALWAYS_SEARCH_USER_PATHS = NO;
				CLANG_ANALYZER_NONNULL = YES;
				CLANG_ANALYZER_NUMBER_OBJECT_CONVERSION = YES_AGGRESSIVE;
				CLANG_CXX_LANGUAGE_STANDARD = "gnu++14";
				CLANG_CXX_LIBRARY = "libc++";
				CLANG_ENABLE_MODULES = YES;
				CLANG_ENABLE_OBJC_ARC = YES;
				CLANG_ENABLE_OBJC_WEAK = YES;
				CLANG_WARN_BLOCK_CAPTURE_AUTORELEASING = YES;
				CLANG_WARN_BOOL_CONVERSION = YES;
				CLANG_WARN_COMMA = YES;
				CLANG_WARN_CONSTANT_CONVERSION = YES;
				CLANG_WARN_DEPRECATED_OBJC_IMPLEMENTATIONS = YES;
				CLANG_WARN_DIRECT_OBJC_ISA_USAGE = YES_ERROR;
				CLANG_WARN_DOCUMENTATION_COMMENTS = YES;
				CLANG_WARN_EMPTY_BODY = YES;
				CLANG_WARN_ENUM_CONVERSION = YES;
				CLANG_WARN_INFINITE_RECURSION = YES;
				CLANG_WARN_INT_CONVERSION = YES;
				CLANG_WARN_NON_LITERAL_NULL_CONVERSION = YES;
				CLANG_WARN_OBJC_IMPLICIT_RETAIN_SELF = YES;
				CLANG_WARN_OBJC_LITERAL_CONVERSION = YES;
				CLANG_WARN_OBJC_ROOT_CLASS = YES_ERROR;
				CLANG_WARN_RANGE_LOOP_ANALYSIS = YES;
				CLANG_WARN_STRICT_PROTOTYPES = YES;
				CLANG_WARN_SUSPICIOUS_MOVE = YES;
				CLANG_WARN_UNGUARDED_AVAILABILITY = YES_AGGRESSIVE;
				CLANG_WARN_UNREACHABLE_CODE = YES;
				CLANG_WARN__DUPLICATE_METHOD_MATCH = YES;
				COPY_PHASE_STRIP = NO;
				DEBUG_INFORMATION_FORMAT = dwarf;
				ENABLE_STRICT_OBJC_MSGSEND = YES;
				ENABLE_TESTABILITY = YES;
				GCC_C_LANGUAGE_STANDARD = gnu11;
				GCC_DYNAMIC_NO_PIC = NO;
				GCC_NO_COMMON_BLOCKS = YES;
				GCC_OPTIMIZATION_LEVEL = 0;
				GCC_PREPROCESSOR_DEFINITIONS = (
					"DEBUG=1",
					"$(inherited)",
				);
				GCC_WARN_64_TO_32_BIT_CONVERSION = YES;
				GCC_WARN_ABOUT_RETURN_TYPE = YES_ERROR;
				GCC_WARN_UNDECLARED_SELECTOR = YES;
				GCC_WARN_UNINITIALIZED_AUTOS = YES_AGGRESSIVE;
				GCC_WARN_UNUSED_FUNCTION = YES;
				GCC_WARN_UNUSED_VARIABLE = YES;
				IPHONEOS_DEPLOYMENT_TARGET = 13.5;
				MTL_ENABLE_DEBUG_INFO = INCLUDE_SOURCE;
				MTL_FAST_MATH = YES;
				ONLY_ACTIVE_ARCH = YES;
				SDKROOT = iphoneos;
				SWIFT_ACTIVE_COMPILATION_CONDITIONS = DEBUG;
				SWIFT_OPTIMIZATION_LEVEL = "-Onone";
			};
			name = Debug;
		};
		FBF8A7A724A1FEA0002B3ABD /* Release */ = {
			isa = XCBuildConfiguration;
			buildSettings = {
				ALWAYS_SEARCH_USER_PATHS = NO;
				CLANG_ANALYZER_NONNULL = YES;
				CLANG_ANALYZER_NUMBER_OBJECT_CONVERSION = YES_AGGRESSIVE;
				CLANG_CXX_LANGUAGE_STANDARD = "gnu++14";
				CLANG_CXX_LIBRARY = "libc++";
				CLANG_ENABLE_MODULES = YES;
				CLANG_ENABLE_OBJC_ARC = YES;
				CLANG_ENABLE_OBJC_WEAK = YES;
				CLANG_WARN_BLOCK_CAPTURE_AUTORELEASING = YES;
				CLANG_WARN_BOOL_CONVERSION = YES;
				CLANG_WARN_COMMA = YES;
				CLANG_WARN_CONSTANT_CONVERSION = YES;
				CLANG_WARN_DEPRECATED_OBJC_IMPLEMENTATIONS = YES;
				CLANG_WARN_DIRECT_OBJC_ISA_USAGE = YES_ERROR;
				CLANG_WARN_DOCUMENTATION_COMMENTS = YES;
				CLANG_WARN_EMPTY_BODY = YES;
				CLANG_WARN_ENUM_CONVERSION = YES;
				CLANG_WARN_INFINITE_RECURSION = YES;
				CLANG_WARN_INT_CONVERSION = YES;
				CLANG_WARN_NON_LITERAL_NULL_CONVERSION = YES;
				CLANG_WARN_OBJC_IMPLICIT_RETAIN_SELF = YES;
				CLANG_WARN_OBJC_LITERAL_CONVERSION = YES;
				CLANG_WARN_OBJC_ROOT_CLASS = YES_ERROR;
				CLANG_WARN_RANGE_LOOP_ANALYSIS = YES;
				CLANG_WARN_STRICT_PROTOTYPES = YES;
				CLANG_WARN_SUSPICIOUS_MOVE = YES;
				CLANG_WARN_UNGUARDED_AVAILABILITY = YES_AGGRESSIVE;
				CLANG_WARN_UNREACHABLE_CODE = YES;
				CLANG_WARN__DUPLICATE_METHOD_MATCH = YES;
				COPY_PHASE_STRIP = NO;
				DEBUG_INFORMATION_FORMAT = "dwarf-with-dsym";
				ENABLE_NS_ASSERTIONS = NO;
				ENABLE_STRICT_OBJC_MSGSEND = YES;
				GCC_C_LANGUAGE_STANDARD = gnu11;
				GCC_NO_COMMON_BLOCKS = YES;
				GCC_WARN_64_TO_32_BIT_CONVERSION = YES;
				GCC_WARN_ABOUT_RETURN_TYPE = YES_ERROR;
				GCC_WARN_UNDECLARED_SELECTOR = YES;
				GCC_WARN_UNINITIALIZED_AUTOS = YES_AGGRESSIVE;
				GCC_WARN_UNUSED_FUNCTION = YES;
				GCC_WARN_UNUSED_VARIABLE = YES;
				IPHONEOS_DEPLOYMENT_TARGET = 13.5;
				MTL_ENABLE_DEBUG_INFO = NO;
				MTL_FAST_MATH = YES;
				SDKROOT = iphoneos;
				SWIFT_COMPILATION_MODE = wholemodule;
				SWIFT_OPTIMIZATION_LEVEL = "-O";
				VALIDATE_PRODUCT = YES;
			};
			name = Release;
		};
		FBF8A7A924A1FEA0002B3ABD /* Debug */ = {
			isa = XCBuildConfiguration;
			baseConfigurationReference = B7B185180C2E81CD6DA72B94 /* Pods-MoviesApp.debug.xcconfig */;
			buildSettings = {
				ASSETCATALOG_COMPILER_APPICON_NAME = AppIcon;
				CODE_SIGN_STYLE = Automatic;
				INFOPLIST_FILE = MoviesApp/Info.plist;
				LD_RUNPATH_SEARCH_PATHS = (
					"$(inherited)",
					"@executable_path/Frameworks",
				);
				PRODUCT_BUNDLE_IDENTIFIER = com.Frontend.MoviesApp;
				PRODUCT_NAME = "$(TARGET_NAME)";
				SWIFT_VERSION = 5.0;
				TARGETED_DEVICE_FAMILY = "1,2";
			};
			name = Debug;
		};
		FBF8A7AA24A1FEA0002B3ABD /* Release */ = {
			isa = XCBuildConfiguration;
			baseConfigurationReference = DECF1850EC22F53F534FCCD6 /* Pods-MoviesApp.release.xcconfig */;
			buildSettings = {
				ASSETCATALOG_COMPILER_APPICON_NAME = AppIcon;
				CODE_SIGN_STYLE = Automatic;
				INFOPLIST_FILE = MoviesApp/Info.plist;
				LD_RUNPATH_SEARCH_PATHS = (
					"$(inherited)",
					"@executable_path/Frameworks",
				);
				PRODUCT_BUNDLE_IDENTIFIER = com.Frontend.MoviesApp;
				PRODUCT_NAME = "$(TARGET_NAME)";
				SWIFT_VERSION = 5.0;
				TARGETED_DEVICE_FAMILY = "1,2";
			};
			name = Release;
		};
		FBF8A7AC24A1FEA0002B3ABD /* Debug */ = {
			isa = XCBuildConfiguration;
			buildSettings = {
				ALWAYS_EMBED_SWIFT_STANDARD_LIBRARIES = YES;
				BUNDLE_LOADER = "$(TEST_HOST)";
				CODE_SIGN_STYLE = Automatic;
				INFOPLIST_FILE = MoviesAppTests/Info.plist;
				IPHONEOS_DEPLOYMENT_TARGET = 13.5;
				LD_RUNPATH_SEARCH_PATHS = (
					"$(inherited)",
					"@executable_path/Frameworks",
					"@loader_path/Frameworks",
				);
				PRODUCT_BUNDLE_IDENTIFIER = com.Frontend.MoviesAppTests;
				PRODUCT_NAME = "$(TARGET_NAME)";
				SWIFT_VERSION = 5.0;
				TARGETED_DEVICE_FAMILY = "1,2";
				TEST_HOST = "$(BUILT_PRODUCTS_DIR)/MoviesApp.app/MoviesApp";
			};
			name = Debug;
		};
		FBF8A7AD24A1FEA0002B3ABD /* Release */ = {
			isa = XCBuildConfiguration;
			buildSettings = {
				ALWAYS_EMBED_SWIFT_STANDARD_LIBRARIES = YES;
				BUNDLE_LOADER = "$(TEST_HOST)";
				CODE_SIGN_STYLE = Automatic;
				INFOPLIST_FILE = MoviesAppTests/Info.plist;
				IPHONEOS_DEPLOYMENT_TARGET = 13.5;
				LD_RUNPATH_SEARCH_PATHS = (
					"$(inherited)",
					"@executable_path/Frameworks",
					"@loader_path/Frameworks",
				);
				PRODUCT_BUNDLE_IDENTIFIER = com.Frontend.MoviesAppTests;
				PRODUCT_NAME = "$(TARGET_NAME)";
				SWIFT_VERSION = 5.0;
				TARGETED_DEVICE_FAMILY = "1,2";
				TEST_HOST = "$(BUILT_PRODUCTS_DIR)/MoviesApp.app/MoviesApp";
			};
			name = Release;
		};
/* End XCBuildConfiguration section */

/* Begin XCConfigurationList section */
		FBF8A78424A1FE9C002B3ABD /* Build configuration list for PBXProject "MoviesApp" */ = {
			isa = XCConfigurationList;
			buildConfigurations = (
				FBF8A7A624A1FEA0002B3ABD /* Debug */,
				FBF8A7A724A1FEA0002B3ABD /* Release */,
			);
			defaultConfigurationIsVisible = 0;
			defaultConfigurationName = Release;
		};
		FBF8A7A824A1FEA0002B3ABD /* Build configuration list for PBXNativeTarget "MoviesApp" */ = {
			isa = XCConfigurationList;
			buildConfigurations = (
				FBF8A7A924A1FEA0002B3ABD /* Debug */,
				FBF8A7AA24A1FEA0002B3ABD /* Release */,
			);
			defaultConfigurationIsVisible = 0;
			defaultConfigurationName = Release;
		};
		FBF8A7AB24A1FEA0002B3ABD /* Build configuration list for PBXNativeTarget "MoviesAppTests" */ = {
			isa = XCConfigurationList;
			buildConfigurations = (
				FBF8A7AC24A1FEA0002B3ABD /* Debug */,
				FBF8A7AD24A1FEA0002B3ABD /* Release */,
			);
			defaultConfigurationIsVisible = 0;
			defaultConfigurationName = Release;
		};
/* End XCConfigurationList section */
	};
	rootObject = FBF8A78124A1FE9C002B3ABD /* Project object */;
}
